
Microsoft Visual Studio Solution File, Format Version 12.00
# Visual Studio 15
VisualStudioVersion = 15.0.27428.2043
MinimumVisualStudioVersion = 10.0.40219.1
Project("{9A19103F-16F7-4668-BE54-9A1E7A4F7556}") = "FunctionApp1", "..\..\Users\intui\Source\Repos\Testing\FunctionApp1\FunctionApp1\FunctionApp1.csproj", "{E96E0243-A752-4335-9E1B-CBB56EF539F8}"
EndProject
Project("{9A19103F-16F7-4668-BE54-9A1E7A4F7556}") = "AmbiencesAPI", "..\..\Users\intui\Source\Repos\Testing\FunctionApp1\AmbiencesAPI\AmbiencesAPI.csproj", "{895FB1D5-E29A-4D66-861B-68028D0FE935}"
EndProject
Project("{FAE04EC0-301F-11D3-BF4B-00C04F79EFBC}") = "SmartHeatingApiOld", "..\..\Users\intui\Source\Repos\Testing\FunctionApp1\SmartHeatingApi\SmartHeatingApiOld.csproj", "{EAD041D3-E619-4345-91A7-A367588960E4}"
EndProject
Project("{9A19103F-16F7-4668-BE54-9A1E7A4F7556}") = "SmartHeatingApi", "SmartHeatingApi\SmartHeatingApi.csproj", "{DDD6ABBB-8753-43B9-B55F-2892B340BDD9}"
EndProject
Global
	GlobalSection(SolutionConfigurationPlatforms) = preSolution
		Debug|Any CPU = Debug|Any CPU
		Release|Any CPU = Release|Any CPU
	EndGlobalSection
	GlobalSection(ProjectConfigurationPlatforms) = postSolution
		{E96E0243-A752-4335-9E1B-CBB56EF539F8}.Debug|Any CPU.ActiveCfg = Debug|Any CPU
		{E96E0243-A752-4335-9E1B-CBB56EF539F8}.Debug|Any CPU.Build.0 = Debug|Any CPU
		{E96E0243-A752-4335-9E1B-CBB56EF539F8}.Release|Any CPU.ActiveCfg = Release|Any CPU
		{E96E0243-A752-4335-9E1B-CBB56EF539F8}.Release|Any CPU.Build.0 = Release|Any CPU
		{895FB1D5-E29A-4D66-861B-68028D0FE935}.Debug|Any CPU.ActiveCfg = Debug|Any CPU
		{895FB1D5-E29A-4D66-861B-68028D0FE935}.Debug|Any CPU.Build.0 = Debug|Any CPU
		{895FB1D5-E29A-4D66-861B-68028D0FE935}.Release|Any CPU.ActiveCfg = Release|Any CPU
		{895FB1D5-E29A-4D66-861B-68028D0FE935}.Release|Any CPU.Build.0 = Release|Any CPU
		{EAD041D3-E619-4345-91A7-A367588960E4}.Debug|Any CPU.ActiveCfg = Debug|Any CPU
		{EAD041D3-E619-4345-91A7-A367588960E4}.Debug|Any CPU.Build.0 = Debug|Any CPU
		{EAD041D3-E619-4345-91A7-A367588960E4}.Release|Any CPU.ActiveCfg = Release|Any CPU
		{EAD041D3-E619-4345-91A7-A367588960E4}.Release|Any CPU.Build.0 = Release|Any CPU
		{DDD6ABBB-8753-43B9-B55F-2892B340BDD9}.Debug|Any CPU.ActiveCfg = Debug|Any CPU
		{DDD6ABBB-8753-43B9-B55F-2892B340BDD9}.Debug|Any CPU.Build.0 = Debug|Any CPU
		{DDD6ABBB-8753-43B9-B55F-2892B340BDD9}.Release|Any CPU.ActiveCfg = Release|Any CPU
		{DDD6ABBB-8753-43B9-B55F-2892B340BDD9}.Release|Any CPU.Build.0 = Release|Any CPU
	EndGlobalSection
	GlobalSection(SolutionProperties) = preSolution
		HideSolutionNode = FALSE
	EndGlobalSection
	GlobalSection(ExtensibilityGlobals) = postSolution
		SolutionGuid = {8A11A4CE-4ABF-454D-A660-8669FABE83FE}
	EndGlobalSection
EndGlobal
